{
  "name": "GanttMaster AI",
  "description": "Una aplicación estilo Gantt para organizar tareas en el tiempo. Permite añadir tareas de forma manual, y extraerlas automáticamente usando texto o mensajes de voz procesados con Inteligencia Artificial.",
  "requestFramePermissions": ["microphone"],
  "majorCapabilities": []
}
